
Microsoft Visual Studio Solution File, Format Version 12.00
# Visual Studio Version 17
VisualStudioVersion = 17.13.35913.81
MinimumVisualStudioVersion = 10.0.40219.1
Project("{FAE04EC0-301F-11D3-BF4B-00C04F79EFBC}") = "FrontConsumoE", "FrontConsumoE\FrontConsumoE.csproj", "{59C1E319-A2A3-44E1-9B49-2E2B45C70112}"
EndProject
Global
	GlobalSection(SolutionConfigurationPlatforms) = preSolution
		Debug|Any CPU = Debug|Any CPU
		Release|Any CPU = Release|Any CPU
	EndGlobalSection
	GlobalSection(ProjectConfigurationPlatforms) = postSolution
		{59C1E319-A2A3-44E1-9B49-2E2B45C70112}.Debug|Any CPU.ActiveCfg = Debug|Any CPU
		{59C1E319-A2A3-44E1-9B49-2E2B45C70112}.Debug|Any CPU.Build.0 = Debug|Any CPU
		{59C1E319-A2A3-44E1-9B49-2E2B45C70112}.Release|Any CPU.ActiveCfg = Release|Any CPU
		{59C1E319-A2A3-44E1-9B49-2E2B45C70112}.Release|Any CPU.Build.0 = Release|Any CPU
	EndGlobalSection
	GlobalSection(SolutionProperties) = preSolution
		HideSolutionNode = FALSE
	EndGlobalSection
	GlobalSection(ExtensibilityGlobals) = postSolution
		SolutionGuid = {41A0674E-EE59-466B-98A0-979E5C4FD295}
	EndGlobalSection
EndGlobal
